{
    "_meta": {
        "hash": {
            "sha256": "3d64888aa3f23bb3fd1365cc16adf47017bcee8ca3ca0181021754b7bb4fa583"
        },
        "pipfile-spec": 6,
        "requires": {
            "python_version": "2.7"
        },
        "sources": [
            {
                "name": "pypi",
                "url": "https://pypi.org/simple",
                "verify_ssl": true
            }
        ]
    },
    "default": {
        "torch": {
            "file": "http://download.pytorch.org/whl/cu90/torch-0.4.0-cp27-cp27mu-linux_x86_64.whl",
            "hashes": [
                "sha256:05573009d20a7cfc551f919b2abc52dbac43d269bc40f98fb67eddcd4145a6ae",
                "sha256:06ba3249027330073339de369a0584c938cfddec740f26ce15be88bb40746b42",
                "sha256:1ea154c7042fd0ae573a16540fdcf9b9f732857001fad2e5569a0bc2d37ff30c",
                "sha256:292417c83d09fe14741d9cb7928375c40ee24803634ac31ada1e43c7fc26b847",
                "sha256:6c9ac80a4487028e343cb4ae3be9a676e51caeecdc94aefbd6c11916ecf36760",
                "sha256:bde3b8131973dd8a454be9e0aa3b1a7df410afe16c58ae7eed848005bd449aac",
                "sha256:c043adef934051df1308d7d9a3ef7a299c0cf1accb04b3790b2342c23ae6fdea"
            ],
            "index": "pypi",
            "version": "==0.4.0"
        }
    },
    "develop": {}
}
